// !$*UTF8*$!
{
	archiveVersion = 1;
	classes = {
	};
	objectVersion = 46;
	objects = {

/* Begin PBXBuildFile section */
		686EC9881F11390A007B4A3F /* AppDelegate.swift in Sources */ = {isa = PBXBuildFile; fileRef = 686EC9871F11390A007B4A3F /* AppDelegate.swift */; };
		686EC98F1F11390A007B4A3F /* Assets.xcassets in Resources */ = {isa = PBXBuildFile; fileRef = 686EC98E1F11390A007B4A3F /* Assets.xcassets */; };
		686EC9921F11390A007B4A3F /* LaunchScreen.storyboard in Resources */ = {isa = PBXBuildFile; fileRef = 686EC9901F11390A007B4A3F /* LaunchScreen.storyboard */; };
		686EC99B1F11392A007B4A3F /* PageControl.storyboard in Resources */ = {isa = PBXBuildFile; fileRef = 686EC9991F11392A007B4A3F /* PageControl.storyboard */; };
		686EC99C1F11392A007B4A3F /* BaseWithContainerViewController.swift in Sources */ = {isa = PBXBuildFile; fileRef = 686EC99A1F11392A007B4A3F /* BaseWithContainerViewController.swift */; };
/* End PBXBuildFile section */

/* Begin PBXFileReference section */
		686EC9841F11390A007B4A3F /* SWEmbeddedPageView.app */ = {isa = PBXFileReference; explicitFileType = wrapper.application; includeInIndex = 0; path = SWEmbeddedPageView.app; sourceTree = BUILT_PRODUCTS_DIR; };
		686EC9871F11390A007B4A3F /* AppDelegate.swift */ = {isa = PBXFileReference; lastKnownFileType = sourcecode.swift; path = AppDelegate.swift; sourceTree = "<group>"; };
		686EC98E1F11390A007B4A3F /* Assets.xcassets */ = {isa = PBXFileReference; lastKnownFileType = folder.assetcatalog; path = Assets.xcassets; sourceTree = "<group>"; };
		686EC9911F11390A007B4A3F /* Base */ = {isa = PBXFileReference; lastKnownFileType = file.storyboard; name = Base; path = Base.lproj/LaunchScreen.storyboard; sourceTree = "<group>"; };
		686EC9931F11390A007B4A3F /* Info.plist */ = {isa = PBXFileReference; lastKnownFileType = text.plist.xml; path = Info.plist; sourceTree = "<group>"; };
		686EC9991F11392A007B4A3F /* PageControl.storyboard */ = {isa = PBXFileReference; fileEncoding = 4; lastKnownFileType = file.storyboard; path = PageControl.storyboard; sourceTree = "<group>"; };
		686EC99A1F11392A007B4A3F /* BaseWithContainerViewController.swift */ = {isa = PBXFileReference; fileEncoding = 4; lastKnownFileType = sourcecode.swift; path = BaseWithContainerViewController.swift; sourceTree = "<group>"; };
/* End PBXFileReference section */

/* Begin PBXFrameworksBuildPhase section */
		686EC9811F11390A007B4A3F /* Frameworks */ = {
			isa = PBXFrameworksBuildPhase;
			buildActionMask = 2147483647;
			files = (
			);
			runOnlyForDeploymentPostprocessing = 0;
		};
/* End PBXFrameworksBuildPhase section */

/* Begin PBXGroup section */
		686EC97B1F11390A007B4A3F = {
			isa = PBXGroup;
			children = (
				686EC9861F11390A007B4A3F /* SWEmbeddedPageView */,
				686EC9851F11390A007B4A3F /* Products */,
			);
			sourceTree = "<group>";
		};
		686EC9851F11390A007B4A3F /* Products */ = {
			isa = PBXGroup;
			children = (
				686EC9841F11390A007B4A3F /* SWEmbeddedPageView.app */,
			);
			name = Products;
			sourceTree = "<group>";
		};
		686EC9861F11390A007B4A3F /* SWEmbeddedPageView */ = {
			isa = PBXGroup;
			children = (
				686EC9871F11390A007B4A3F /* AppDelegate.swift */,
				686EC98E1F11390A007B4A3F /* Assets.xcassets */,
				686EC9901F11390A007B4A3F /* LaunchScreen.storyboard */,
				686EC9931F11390A007B4A3F /* Info.plist */,
				686EC9991F11392A007B4A3F /* PageControl.storyboard */,
				686EC99A1F11392A007B4A3F /* BaseWithContainerViewController.swift */,
			);
			path = SWEmbeddedPageView;
			sourceTree = "<group>";
		};
/* End PBXGroup section */

/* Begin PBXNativeTarget section */
		686EC9831F11390A007B4A3F /* SWEmbeddedPageView */ = {
			isa = PBXNativeTarget;
			buildConfigurationList = 686EC9961F11390A007B4A3F /* Build configuration list for PBXNativeTarget "SWEmbeddedPageView" */;
			buildPhases = (
				686EC9801F11390A007B4A3F /* Sources */,
				686EC9811F11390A007B4A3F /* Frameworks */,
				686EC9821F11390A007B4A3F /* Resources */,
			);
			buildRules = (
			);
			dependencies = (
			);
			name = SWEmbeddedPageView;
			productName = SWEmbeddedPageView;
			productReference = 686EC9841F11390A007B4A3F /* SWEmbeddedPageView.app */;
			productType = "com.apple.product-type.application";
		};
/* End PBXNativeTarget section */

/* Begin PBXProject section */
		686EC97C1F11390A007B4A3F /* Project object */ = {
			isa = PBXProject;
			attributes = {
				LastSwiftUpdateCheck = 0830;
				LastUpgradeCheck = 0830;
				ORGANIZATIONNAME = DonMag;
				TargetAttributes = {
					686EC9831F11390A007B4A3F = {
						CreatedOnToolsVersion = 8.3.2;
						ProvisioningStyle = Automatic;
					};
				};
			};
			buildConfigurationList = 686EC97F1F11390A007B4A3F /* Build configuration list for PBXProject "SWEmbeddedPageView" */;
			compatibilityVersion = "Xcode 3.2";
			developmentRegion = English;
			hasScannedForEncodings = 0;
			knownRegions = (
				en,
				Base,
			);
			mainGroup = 686EC97B1F11390A007B4A3F;
			productRefGroup = 686EC9851F11390A007B4A3F /* Products */;
			projectDirPath = "";
			projectRoot = "";
			targets = (
				686EC9831F11390A007B4A3F /* SWEmbeddedPageView */,
			);
		};
/* End PBXProject section */

/* Begin PBXResourcesBuildPhase section */
		686EC9821F11390A007B4A3F /* Resources */ = {
			isa = PBXResourcesBuildPhase;
			buildActionMask = 2147483647;
			files = (
				686EC9921F11390A007B4A3F /* LaunchScreen.storyboard in Resources */,
				686EC98F1F11390A007B4A3F /* Assets.xcassets in Resources */,
				686EC99B1F11392A007B4A3F /* PageControl.storyboard in Resources */,
			);
			runOnlyForDeploymentPostprocessing = 0;
		};
/* End PBXResourcesBuildPhase section */

/* Begin PBXSourcesBuildPhase section */
		686EC9801F11390A007B4A3F /* Sources */ = {
			isa = PBXSourcesBuildPhase;
			buildActionMask = 2147483647;
			files = (
				686EC9881F11390A007B4A3F /* AppDelegate.swift in Sources */,
				686EC99C1F11392A007B4A3F /* BaseWithContainerViewController.swift in Sources */,
			);
			runOnlyForDeploymentPostprocessing = 0;
		};
/* End PBXSourcesBuildPhase section */

/* Begin PBXVariantGroup section */
		686EC9901F11390A007B4A3F /* LaunchScreen.storyboard */ = {
			isa = PBXVariantGroup;
			children = (
				686EC9911F11390A007B4A3F /* Base */,
			);
			name = LaunchScreen.storyboard;
			sourceTree = "<group>";
		};
/* End PBXVariantGroup section */

/* Begin XCBuildConfiguration section */
		686EC9941F11390A007B4A3F /* Debug */ = {
			isa = XCBuildConfiguration;
			buildSettings = {
				ALWAYS_SEARCH_USER_PATHS = NO;
				CLANG_ANALYZER_NONNULL = YES;
				CLANG_ANALYZER_NUMBER_OBJECT_CONVERSION = YES_AGGRESSIVE;
				CLANG_CXX_LANGUAGE_STANDARD = "gnu++0x";
				CLANG_CXX_LIBRARY = "libc++";
				CLANG_ENABLE_MODULES = YES;
				CLANG_ENABLE_OBJC_ARC = YES;
				CLANG_WARN_BOOL_CONVERSION = YES;
				CLANG_WARN_CONSTANT_CONVERSION = YES;
				CLANG_WARN_DIRECT_OBJC_ISA_USAGE = YES_ERROR;
				CLANG_WARN_DOCUMENTATION_COMMENTS = YES;
				CLANG_WARN_EMPTY_BODY = YES;
				CLANG_WARN_ENUM_CONVERSION = YES;
				CLANG_WARN_INFINITE_RECURSION = YES;
				CLANG_WARN_INT_CONVERSION = YES;
				CLANG_WARN_OBJC_ROOT_CLASS = YES_ERROR;
				CLANG_WARN_SUSPICIOUS_MOVE = YES;
				CLANG_WARN_UNREACHABLE_CODE = YES;
				CLANG_WARN__DUPLICATE_METHOD_MATCH = YES;
				"CODE_SIGN_IDENTITY[sdk=iphoneos*]" = "iPhone Developer";
				COPY_PHASE_STRIP = NO;
				DEBUG_INFORMATION_FORMAT = dwarf;
				ENABLE_STRICT_OBJC_MSGSEND = YES;
				ENABLE_TESTABILITY = YES;
				GCC_C_LANGUAGE_STANDARD = gnu99;
				GCC_DYNAMIC_NO_PIC = NO;
				GCC_NO_COMMON_BLOCKS = YES;
				GCC_OPTIMIZATION_LEVEL = 0;
				GCC_PREPROCESSOR_DEFINITIONS = (
					"DEBUG=1",
					"$(inherited)",
				);
				GCC_WARN_64_TO_32_BIT_CONVERSION = YES;
				GCC_WARN_ABOUT_RETURN_TYPE = YES_ERROR;
				GCC_WARN_UNDECLARED_SELECTOR = YES;
				GCC_WARN_UNINITIALIZED_AUTOS = YES_AGGRESSIVE;
				GCC_WARN_UNUSED_FUNCTION = YES;
				GCC_WARN_UNUSED_VARIABLE = YES;
				IPHONEOS_DEPLOYMENT_TARGET = 9.3;
				MTL_ENABLE_DEBUG_INFO = YES;
				ONLY_ACTIVE_ARCH = YES;
				SDKROOT = iphoneos;
				SWIFT_ACTIVE_COMPILATION_CONDITIONS = DEBUG;
				SWIFT_OPTIMIZATION_LEVEL = "-Onone";
				TARGETED_DEVICE_FAMILY = "1,2";
			};
			name = Debug;
		};
		686EC9951F11390A007B4A3F /* Release */ = {
			isa = XCBuildConfiguration;
			buildSettings = {
				ALWAYS_SEARCH_USER_PATHS = NO;
				CLANG_ANALYZER_NONNULL = YES;
				CLANG_ANALYZER_NUMBER_OBJECT_CONVERSION = YES_AGGRESSIVE;
				CLANG_CXX_LANGUAGE_STANDARD = "gnu++0x";
				CLANG_CXX_LIBRARY = "libc++";
				CLANG_ENABLE_MODULES = YES;
				CLANG_ENABLE_OBJC_ARC = YES;
				CLANG_WARN_BOOL_CONVERSION = YES;
				CLANG_WARN_CONSTANT_CONVERSION = YES;
				CLANG_WARN_DIRECT_OBJC_ISA_USAGE = YES_ERROR;
				CLANG_WARN_DOCUMENTATION_COMMENTS = YES;
				CLANG_WARN_EMPTY_BODY = YES;
				CLANG_WARN_ENUM_CONVERSION = YES;
				CLANG_WARN_INFINITE_RECURSION = YES;
				CLANG_WARN_INT_CONVERSION = YES;
				CLANG_WARN_OBJC_ROOT_CLASS = YES_ERROR;
				CLANG_WARN_SUSPICIOUS_MOVE = YES;
				CLANG_WARN_UNREACHABLE_CODE = YES;
				CLANG_WARN__DUPLICATE_METHOD_MATCH = YES;
				"CODE_SIGN_IDENTITY[sdk=iphoneos*]" = "iPhone Developer";
				COPY_PHASE_STRIP = NO;
				DEBUG_INFORMATION_FORMAT = "dwarf-with-dsym";
				ENABLE_NS_ASSERTIONS = NO;
				ENABLE_STRICT_OBJC_MSGSEND = YES;
				GCC_C_LANGUAGE_STANDARD = gnu99;
				GCC_NO_COMMON_BLOCKS = YES;
				GCC_WARN_64_TO_32_BIT_CONVERSION = YES;
				GCC_WARN_ABOUT_RETURN_TYPE = YES_ERROR;
				GCC_WARN_UNDECLARED_SELECTOR = YES;
				GCC_WARN_UNINITIALIZED_AUTOS = YES_AGGRESSIVE;
				GCC_WARN_UNUSED_FUNCTION = YES;
				GCC_WARN_UNUSED_VARIABLE = YES;
				IPHONEOS_DEPLOYMENT_TARGET = 9.3;
				MTL_ENABLE_DEBUG_INFO = NO;
				SDKROOT = iphoneos;
				SWIFT_OPTIMIZATION_LEVEL = "-Owholemodule";
				TARGETED_DEVICE_FAMILY = "1,2";
				VALIDATE_PRODUCT = YES;
			};
			name = Release;
		};
		686EC9971F11390A007B4A3F /* Debug */ = {
			isa = XCBuildConfiguration;
			buildSettings = {
				ASSETCATALOG_COMPILER_APPICON_NAME = AppIcon;
				INFOPLIST_FILE = SWEmbeddedPageView/Info.plist;
				LD_RUNPATH_SEARCH_PATHS = "$(inherited) @executable_path/Frameworks";
				PRODUCT_BUNDLE_IDENTIFIER = com.DonMag.SWEmbeddedPageView;
				PRODUCT_NAME = "$(TARGET_NAME)";
				SWIFT_VERSION = 3.0;
			};
			name = Debug;
		};
		686EC9981F11390A007B4A3F /* Release */ = {
			isa = XCBuildConfiguration;
			buildSettings = {
				ASSETCATALOG_COMPILER_APPICON_NAME = AppIcon;
				INFOPLIST_FILE = SWEmbeddedPageView/Info.plist;
				LD_RUNPATH_SEARCH_PATHS = "$(inherited) @executable_path/Frameworks";
				PRODUCT_BUNDLE_IDENTIFIER = com.DonMag.SWEmbeddedPageView;
				PRODUCT_NAME = "$(TARGET_NAME)";
				SWIFT_VERSION = 3.0;
			};
			name = Release;
		};
/* End XCBuildConfiguration section */

/* Begin XCConfigurationList section */
		686EC97F1F11390A007B4A3F /* Build configuration list for PBXProject "SWEmbeddedPageView" */ = {
			isa = XCConfigurationList;
			buildConfigurations = (
				686EC9941F11390A007B4A3F /* Debug */,
				686EC9951F11390A007B4A3F /* Release */,
			);
			defaultConfigurationIsVisible = 0;
			defaultConfigurationName = Release;
		};
		686EC9961F11390A007B4A3F /* Build configuration list for PBXNativeTarget "SWEmbeddedPageView" */ = {
			isa = XCConfigurationList;
			buildConfigurations = (
				686EC9971F11390A007B4A3F /* Debug */,
				686EC9981F11390A007B4A3F /* Release */,
			);
			defaultConfigurationIsVisible = 0;
		};
/* End XCConfigurationList section */
	};
	rootObject = 686EC97C1F11390A007B4A3F /* Project object */;
}
